// !$*UTF8*$!
{
	archiveVersion = 1;
	classes = {
	};
	objectVersion = 46;
	objects = {

/* Begin PBXBuildFile section */
		46EE953F1B391A9C00E1D1D3 /* main.m in Sources */ = {isa = PBXBuildFile; fileRef = 46EE953E1B391A9C00E1D1D3 /* main.m */; };
		46EE95421B391A9C00E1D1D3 /* AppDelegate.m in Sources */ = {isa = PBXBuildFile; fileRef = 46EE95411B391A9C00E1D1D3 /* AppDelegate.m */; };
		46EE95451B391A9C00E1D1D3 /* RefreshFrameDemo.xcdatamodeld in Sources */ = {isa = PBXBuildFile; fileRef = 46EE95431B391A9C00E1D1D3 /* RefreshFrameDemo.xcdatamodeld */; };
		46EE95481B391A9C00E1D1D3 /* ViewController.m in Sources */ = {isa = PBXBuildFile; fileRef = 46EE95471B391A9C00E1D1D3 /* ViewController.m */; };
		46EE954B1B391A9C00E1D1D3 /* Main.storyboard in Resources */ = {isa = PBXBuildFile; fileRef = 46EE95491B391A9C00E1D1D3 /* Main.storyboard */; };
		46EE954D1B391A9C00E1D1D3 /* Images.xcassets in Resources */ = {isa = PBXBuildFile; fileRef = 46EE954C1B391A9C00E1D1D3 /* Images.xcassets */; };
		46EE95501B391A9C00E1D1D3 /* LaunchScreen.xib in Resources */ = {isa = PBXBuildFile; fileRef = 46EE954E1B391A9C00E1D1D3 /* LaunchScreen.xib */; };
		46EE955C1B391A9C00E1D1D3 /* RefreshFrameDemoTests.m in Sources */ = {isa = PBXBuildFile; fileRef = 46EE955B1B391A9C00E1D1D3 /* RefreshFrameDemoTests.m */; };
		46EE95671B391B1400E1D1D3 /* View.m in Sources */ = {isa = PBXBuildFile; fileRef = 46EE95661B391B1400E1D1D3 /* View.m */; };
/* End PBXBuildFile section */

/* Begin PBXContainerItemProxy section */
		46EE95561B391A9C00E1D1D3 /* PBXContainerItemProxy */ = {
			isa = PBXContainerItemProxy;
			containerPortal = 46EE95311B391A9C00E1D1D3 /* Project object */;
			proxyType = 1;
			remoteGlobalIDString = 46EE95381B391A9C00E1D1D3;
			remoteInfo = RefreshFrameDemo;
		};
/* End PBXContainerItemProxy section */

/* Begin PBXFileReference section */
		46EE95391B391A9C00E1D1D3 /* RefreshFrameDemo.app */ = {isa = PBXFileReference; explicitFileType = wrapper.application; includeInIndex = 0; path = RefreshFrameDemo.app; sourceTree = BUILT_PRODUCTS_DIR; };
		46EE953D1B391A9C00E1D1D3 /* Info.plist */ = {isa = PBXFileReference; lastKnownFileType = text.plist.xml; path = Info.plist; sourceTree = "<group>"; };
		46EE953E1B391A9C00E1D1D3 /* main.m */ = {isa = PBXFileReference; lastKnownFileType = sourcecode.c.objc; path = main.m; sourceTree = "<group>"; };
		46EE95401B391A9C00E1D1D3 /* AppDelegate.h */ = {isa = PBXFileReference; lastKnownFileType = sourcecode.c.h; path = AppDelegate.h; sourceTree = "<group>"; };
		46EE95411B391A9C00E1D1D3 /* AppDelegate.m */ = {isa = PBXFileReference; lastKnownFileType = sourcecode.c.objc; path = AppDelegate.m; sourceTree = "<group>"; };
		46EE95441B391A9C00E1D1D3 /* RefreshFrameDemo.xcdatamodel */ = {isa = PBXFileReference; lastKnownFileType = wrapper.xcdatamodel; path = RefreshFrameDemo.xcdatamodel; sourceTree = "<group>"; };
		46EE95461B391A9C00E1D1D3 /* ViewController.h */ = {isa = PBXFileReference; lastKnownFileType = sourcecode.c.h; path = ViewController.h; sourceTree = "<group>"; };
		46EE95471B391A9C00E1D1D3 /* ViewController.m */ = {isa = PBXFileReference; lastKnownFileType = sourcecode.c.objc; path = ViewController.m; sourceTree = "<group>"; };
		46EE954A1B391A9C00E1D1D3 /* Base */ = {isa = PBXFileReference; lastKnownFileType = file.storyboard; name = Base; path = Base.lproj/Main.storyboard; sourceTree = "<group>"; };
		46EE954C1B391A9C00E1D1D3 /* Images.xcassets */ = {isa = PBXFileReference; lastKnownFileType = folder.assetcatalog; path = Images.xcassets; sourceTree = "<group>"; };
		46EE954F1B391A9C00E1D1D3 /* Base */ = {isa = PBXFileReference; lastKnownFileType = file.xib; name = Base; path = Base.lproj/LaunchScreen.xib; sourceTree = "<group>"; };
		46EE95551B391A9C00E1D1D3 /* RefreshFrameDemoTests.xctest */ = {isa = PBXFileReference; explicitFileType = wrapper.cfbundle; includeInIndex = 0; path = RefreshFrameDemoTests.xctest; sourceTree = BUILT_PRODUCTS_DIR; };
		46EE955A1B391A9C00E1D1D3 /* Info.plist */ = {isa = PBXFileReference; lastKnownFileType = text.plist.xml; path = Info.plist; sourceTree = "<group>"; };
		46EE955B1B391A9C00E1D1D3 /* RefreshFrameDemoTests.m */ = {isa = PBXFileReference; lastKnownFileType = sourcecode.c.objc; path = RefreshFrameDemoTests.m; sourceTree = "<group>"; };
		46EE95651B391B1400E1D1D3 /* View.h */ = {isa = PBXFileReference; fileEncoding = 4; lastKnownFileType = sourcecode.c.h; path = View.h; sourceTree = "<group>"; };
		46EE95661B391B1400E1D1D3 /* View.m */ = {isa = PBXFileReference; fileEncoding = 4; lastKnownFileType = sourcecode.c.objc; path = View.m; sourceTree = "<group>"; };
/* End PBXFileReference section */

/* Begin PBXFrameworksBuildPhase section */
		46EE95361B391A9C00E1D1D3 /* Frameworks */ = {
			isa = PBXFrameworksBuildPhase;
			buildActionMask = 2147483647;
			files = (
			);
			runOnlyForDeploymentPostprocessing = 0;
		};
		46EE95521B391A9C00E1D1D3 /* Frameworks */ = {
			isa = PBXFrameworksBuildPhase;
			buildActionMask = 2147483647;
			files = (
			);
			runOnlyForDeploymentPostprocessing = 0;
		};
/* End PBXFrameworksBuildPhase section */

/* Begin PBXGroup section */
		46EE95301B391A9C00E1D1D3 = {
			isa = PBXGroup;
			children = (
				46EE953B1B391A9C00E1D1D3 /* RefreshFrameDemo */,
				46EE95581B391A9C00E1D1D3 /* RefreshFrameDemoTests */,
				46EE953A1B391A9C00E1D1D3 /* Products */,
			);
			sourceTree = "<group>";
		};
		46EE953A1B391A9C00E1D1D3 /* Products */ = {
			isa = PBXGroup;
			children = (
				46EE95391B391A9C00E1D1D3 /* RefreshFrameDemo.app */,
				46EE95551B391A9C00E1D1D3 /* RefreshFrameDemoTests.xctest */,
			);
			name = Products;
			sourceTree = "<group>";
		};
		46EE953B1B391A9C00E1D1D3 /* RefreshFrameDemo */ = {
			isa = PBXGroup;
			children = (
				46EE95401B391A9C00E1D1D3 /* AppDelegate.h */,
				46EE95411B391A9C00E1D1D3 /* AppDelegate.m */,
				46EE95461B391A9C00E1D1D3 /* ViewController.h */,
				46EE95471B391A9C00E1D1D3 /* ViewController.m */,
				46EE95651B391B1400E1D1D3 /* View.h */,
				46EE95661B391B1400E1D1D3 /* View.m */,
				46EE95491B391A9C00E1D1D3 /* Main.storyboard */,
				46EE954C1B391A9C00E1D1D3 /* Images.xcassets */,
				46EE954E1B391A9C00E1D1D3 /* LaunchScreen.xib */,
				46EE95431B391A9C00E1D1D3 /* RefreshFrameDemo.xcdatamodeld */,
				46EE953C1B391A9C00E1D1D3 /* Supporting Files */,
			);
			path = RefreshFrameDemo;
			sourceTree = "<group>";
		};
		46EE953C1B391A9C00E1D1D3 /* Supporting Files */ = {
			isa = PBXGroup;
			children = (
				46EE953D1B391A9C00E1D1D3 /* Info.plist */,
				46EE953E1B391A9C00E1D1D3 /* main.m */,
			);
			name = "Supporting Files";
			sourceTree = "<group>";
		};
		46EE95581B391A9C00E1D1D3 /* RefreshFrameDemoTests */ = {
			isa = PBXGroup;
			children = (
				46EE955B1B391A9C00E1D1D3 /* RefreshFrameDemoTests.m */,
				46EE95591B391A9C00E1D1D3 /* Supporting Files */,
			);
			path = RefreshFrameDemoTests;
			sourceTree = "<group>";
		};
		46EE95591B391A9C00E1D1D3 /* Supporting Files */ = {
			isa = PBXGroup;
			children = (
				46EE955A1B391A9C00E1D1D3 /* Info.plist */,
			);
			name = "Supporting Files";
			sourceTree = "<group>";
		};
/* End PBXGroup section */

/* Begin PBXNativeTarget section */
		46EE95381B391A9C00E1D1D3 /* RefreshFrameDemo */ = {
			isa = PBXNativeTarget;
			buildConfigurationList = 46EE955F1B391A9C00E1D1D3 /* Build configuration list for PBXNativeTarget "RefreshFrameDemo" */;
			buildPhases = (
				46EE95351B391A9C00E1D1D3 /* Sources */,
				46EE95361B391A9C00E1D1D3 /* Frameworks */,
				46EE95371B391A9C00E1D1D3 /* Resources */,
			);
			buildRules = (
			);
			dependencies = (
			);
			name = RefreshFrameDemo;
			productName = RefreshFrameDemo;
			productReference = 46EE95391B391A9C00E1D1D3 /* RefreshFrameDemo.app */;
			productType = "com.apple.product-type.application";
		};
		46EE95541B391A9C00E1D1D3 /* RefreshFrameDemoTests */ = {
			isa = PBXNativeTarget;
			buildConfigurationList = 46EE95621B391A9C00E1D1D3 /* Build configuration list for PBXNativeTarget "RefreshFrameDemoTests" */;
			buildPhases = (
				46EE95511B391A9C00E1D1D3 /* Sources */,
				46EE95521B391A9C00E1D1D3 /* Frameworks */,
				46EE95531B391A9C00E1D1D3 /* Resources */,
			);
			buildRules = (
			);
			dependencies = (
				46EE95571B391A9C00E1D1D3 /* PBXTargetDependency */,
			);
			name = RefreshFrameDemoTests;
			productName = RefreshFrameDemoTests;
			productReference = 46EE95551B391A9C00E1D1D3 /* RefreshFrameDemoTests.xctest */;
			productType = "com.apple.product-type.bundle.unit-test";
		};
/* End PBXNativeTarget section */

/* Begin PBXProject section */
		46EE95311B391A9C00E1D1D3 /* Project object */ = {
			isa = PBXProject;
			attributes = {
				LastUpgradeCheck = 0630;
				ORGANIZATIONNAME = "孙翔宇";
				TargetAttributes = {
					46EE95381B391A9C00E1D1D3 = {
						CreatedOnToolsVersion = 6.3.1;
					};
					46EE95541B391A9C00E1D1D3 = {
						CreatedOnToolsVersion = 6.3.1;
						TestTargetID = 46EE95381B391A9C00E1D1D3;
					};
				};
			};
			buildConfigurationList = 46EE95341B391A9C00E1D1D3 /* Build configuration list for PBXProject "RefreshFrameDemo" */;
			compatibilityVersion = "Xcode 3.2";
			developmentRegion = English;
			hasScannedForEncodings = 0;
			knownRegions = (
				en,
				Base,
			);
			mainGroup = 46EE95301B391A9C00E1D1D3;
			productRefGroup = 46EE953A1B391A9C00E1D1D3 /* Products */;
			projectDirPath = "";
			projectRoot = "";
			targets = (
				46EE95381B391A9C00E1D1D3 /* RefreshFrameDemo */,
				46EE95541B391A9C00E1D1D3 /* RefreshFrameDemoTests */,
			);
		};
/* End PBXProject section */

/* Begin PBXResourcesBuildPhase section */
		46EE95371B391A9C00E1D1D3 /* Resources */ = {
			isa = PBXResourcesBuildPhase;
			buildActionMask = 2147483647;
			files = (
				46EE954B1B391A9C00E1D1D3 /* Main.storyboard in Resources */,
				46EE95501B391A9C00E1D1D3 /* LaunchScreen.xib in Resources */,
				46EE954D1B391A9C00E1D1D3 /* Images.xcassets in Resources */,
			);
			runOnlyForDeploymentPostprocessing = 0;
		};
		46EE95531B391A9C00E1D1D3 /* Resources */ = {
			isa = PBXResourcesBuildPhase;
			buildActionMask = 2147483647;
			files = (
			);
			runOnlyForDeploymentPostprocessing = 0;
		};
/* End PBXResourcesBuildPhase section */

/* Begin PBXSourcesBuildPhase section */
		46EE95351B391A9C00E1D1D3 /* Sources */ = {
			isa = PBXSourcesBuildPhase;
			buildActionMask = 2147483647;
			files = (
				46EE95671B391B1400E1D1D3 /* View.m in Sources */,
				46EE95451B391A9C00E1D1D3 /* RefreshFrameDemo.xcdatamodeld in Sources */,
				46EE95421B391A9C00E1D1D3 /* AppDelegate.m in Sources */,
				46EE95481B391A9C00E1D1D3 /* ViewController.m in Sources */,
				46EE953F1B391A9C00E1D1D3 /* main.m in Sources */,
			);
			runOnlyForDeploymentPostprocessing = 0;
		};
		46EE95511B391A9C00E1D1D3 /* Sources */ = {
			isa = PBXSourcesBuildPhase;
			buildActionMask = 2147483647;
			files = (
				46EE955C1B391A9C00E1D1D3 /* RefreshFrameDemoTests.m in Sources */,
			);
			runOnlyForDeploymentPostprocessing = 0;
		};
/* End PBXSourcesBuildPhase section */

/* Begin PBXTargetDependency section */
		46EE95571B391A9C00E1D1D3 /* PBXTargetDependency */ = {
			isa = PBXTargetDependency;
			target = 46EE95381B391A9C00E1D1D3 /* RefreshFrameDemo */;
			targetProxy = 46EE95561B391A9C00E1D1D3 /* PBXContainerItemProxy */;
		};
/* End PBXTargetDependency section */

/* Begin PBXVariantGroup section */
		46EE95491B391A9C00E1D1D3 /* Main.storyboard */ = {
			isa = PBXVariantGroup;
			children = (
				46EE954A1B391A9C00E1D1D3 /* Base */,
			);
			name = Main.storyboard;
			sourceTree = "<group>";
		};
		46EE954E1B391A9C00E1D1D3 /* LaunchScreen.xib */ = {
			isa = PBXVariantGroup;
			children = (
				46EE954F1B391A9C00E1D1D3 /* Base */,
			);
			name = LaunchScreen.xib;
			sourceTree = "<group>";
		};
/* End PBXVariantGroup section */

/* Begin XCBuildConfiguration section */
		46EE955D1B391A9C00E1D1D3 /* Debug */ = {
			isa = XCBuildConfiguration;
			buildSettings = {
				ALWAYS_SEARCH_USER_PATHS = NO;
				CLANG_CXX_LANGUAGE_STANDARD = "gnu++0x";
				CLANG_CXX_LIBRARY = "libc++";
				CLANG_ENABLE_MODULES = YES;
				CLANG_ENABLE_OBJC_ARC = YES;
				CLANG_WARN_BOOL_CONVERSION = YES;
				CLANG_WARN_CONSTANT_CONVERSION = YES;
				CLANG_WARN_DIRECT_OBJC_ISA_USAGE = YES_ERROR;
				CLANG_WARN_EMPTY_BODY = YES;
				CLANG_WARN_ENUM_CONVERSION = YES;
				CLANG_WARN_INT_CONVERSION = YES;
				CLANG_WARN_OBJC_ROOT_CLASS = YES_ERROR;
				CLANG_WARN_UNREACHABLE_CODE = YES;
				CLANG_WARN__DUPLICATE_METHOD_MATCH = YES;
				"CODE_SIGN_IDENTITY[sdk=iphoneos*]" = "iPhone Developer";
				COPY_PHASE_STRIP = NO;
				DEBUG_INFORMATION_FORMAT = "dwarf-with-dsym";
				ENABLE_STRICT_OBJC_MSGSEND = YES;
				GCC_C_LANGUAGE_STANDARD = gnu99;
				GCC_DYNAMIC_NO_PIC = NO;
				GCC_NO_COMMON_BLOCKS = YES;
				GCC_OPTIMIZATION_LEVEL = 0;
				GCC_PREPROCESSOR_DEFINITIONS = (
					"DEBUG=1",
					"$(inherited)",
				);
				GCC_SYMBOLS_PRIVATE_EXTERN = NO;
				GCC_WARN_64_TO_32_BIT_CONVERSION = YES;
				GCC_WARN_ABOUT_RETURN_TYPE = YES_ERROR;
				GCC_WARN_UNDECLARED_SELECTOR = YES;
				GCC_WARN_UNINITIALIZED_AUTOS = YES_AGGRESSIVE;
				GCC_WARN_UNUSED_FUNCTION = YES;
				GCC_WARN_UNUSED_VARIABLE = YES;
				IPHONEOS_DEPLOYMENT_TARGET = 8.3;
				MTL_ENABLE_DEBUG_INFO = YES;
				ONLY_ACTIVE_ARCH = YES;
				SDKROOT = iphoneos;
			};
			name = Debug;
		};
		46EE955E1B391A9C00E1D1D3 /* Release */ = {
			isa = XCBuildConfiguration;
			buildSettings = {
				ALWAYS_SEARCH_USER_PATHS = NO;
				CLANG_CXX_LANGUAGE_STANDARD = "gnu++0x";
				CLANG_CXX_LIBRARY = "libc++";
				CLANG_ENABLE_MODULES = YES;
				CLANG_ENABLE_OBJC_ARC = YES;
				CLANG_WARN_BOOL_CONVERSION = YES;
				CLANG_WARN_CONSTANT_CONVERSION = YES;
				CLANG_WARN_DIRECT_OBJC_ISA_USAGE = YES_ERROR;
				CLANG_WARN_EMPTY_BODY = YES;
				CLANG_WARN_ENUM_CONVERSION = YES;
				CLANG_WARN_INT_CONVERSION = YES;
				CLANG_WARN_OBJC_ROOT_CLASS = YES_ERROR;
				CLANG_WARN_UNREACHABLE_CODE = YES;
				CLANG_WARN__DUPLICATE_METHOD_MATCH = YES;
				"CODE_SIGN_IDENTITY[sdk=iphoneos*]" = "iPhone Developer";
				COPY_PHASE_STRIP = NO;
				DEBUG_INFORMATION_FORMAT = "dwarf-with-dsym";
				ENABLE_NS_ASSERTIONS = NO;
				ENABLE_STRICT_OBJC_MSGSEND = YES;
				GCC_C_LANGUAGE_STANDARD = gnu99;
				GCC_NO_COMMON_BLOCKS = YES;
				GCC_WARN_64_TO_32_BIT_CONVERSION = YES;
				GCC_WARN_ABOUT_RETURN_TYPE = YES_ERROR;
				GCC_WARN_UNDECLARED_SELECTOR = YES;
				GCC_WARN_UNINITIALIZED_AUTOS = YES_AGGRESSIVE;
				GCC_WARN_UNUSED_FUNCTION = YES;
				GCC_WARN_UNUSED_VARIABLE = YES;
				IPHONEOS_DEPLOYMENT_TARGET = 8.3;
				MTL_ENABLE_DEBUG_INFO = NO;
				SDKROOT = iphoneos;
				VALIDATE_PRODUCT = YES;
			};
			name = Release;
		};
		46EE95601B391A9C00E1D1D3 /* Debug */ = {
			isa = XCBuildConfiguration;
			buildSettings = {
				ASSETCATALOG_COMPILER_APPICON_NAME = AppIcon;
				INFOPLIST_FILE = RefreshFrameDemo/Info.plist;
				LD_RUNPATH_SEARCH_PATHS = "$(inherited) @executable_path/Frameworks";
				PRODUCT_NAME = "$(TARGET_NAME)";
			};
			name = Debug;
		};
		46EE95611B391A9C00E1D1D3 /* Release */ = {
			isa = XCBuildConfiguration;
			buildSettings = {
				ASSETCATALOG_COMPILER_APPICON_NAME = AppIcon;
				INFOPLIST_FILE = RefreshFrameDemo/Info.plist;
				LD_RUNPATH_SEARCH_PATHS = "$(inherited) @executable_path/Frameworks";
				PRODUCT_NAME = "$(TARGET_NAME)";
			};
			name = Release;
		};
		46EE95631B391A9C00E1D1D3 /* Debug */ = {
			isa = XCBuildConfiguration;
			buildSettings = {
				BUNDLE_LOADER = "$(TEST_HOST)";
				FRAMEWORK_SEARCH_PATHS = (
					"$(SDKROOT)/Developer/Library/Frameworks",
					"$(inherited)",
				);
				GCC_PREPROCESSOR_DEFINITIONS = (
					"DEBUG=1",
					"$(inherited)",
				);
				INFOPLIST_FILE = RefreshFrameDemoTests/Info.plist;
				LD_RUNPATH_SEARCH_PATHS = "$(inherited) @executable_path/Frameworks @loader_path/Frameworks";
				PRODUCT_NAME = "$(TARGET_NAME)";
				TEST_HOST = "$(BUILT_PRODUCTS_DIR)/RefreshFrameDemo.app/RefreshFrameDemo";
			};
			name = Debug;
		};
		46EE95641B391A9C00E1D1D3 /* Release */ = {
			isa = XCBuildConfiguration;
			buildSettings = {
				BUNDLE_LOADER = "$(TEST_HOST)";
				FRAMEWORK_SEARCH_PATHS = (
					"$(SDKROOT)/Developer/Library/Frameworks",
					"$(inherited)",
				);
				INFOPLIST_FILE = RefreshFrameDemoTests/Info.plist;
				LD_RUNPATH_SEARCH_PATHS = "$(inherited) @executable_path/Frameworks @loader_path/Frameworks";
				PRODUCT_NAME = "$(TARGET_NAME)";
				TEST_HOST = "$(BUILT_PRODUCTS_DIR)/RefreshFrameDemo.app/RefreshFrameDemo";
			};
			name = Release;
		};
/* End XCBuildConfiguration section */

/* Begin XCConfigurationList section */
		46EE95341B391A9C00E1D1D3 /* Build configuration list for PBXProject "RefreshFrameDemo" */ = {
			isa = XCConfigurationList;
			buildConfigurations = (
				46EE955D1B391A9C00E1D1D3 /* Debug */,
				46EE955E1B391A9C00E1D1D3 /* Release */,
			);
			defaultConfigurationIsVisible = 0;
			defaultConfigurationName = Release;
		};
		46EE955F1B391A9C00E1D1D3 /* Build configuration list for PBXNativeTarget "RefreshFrameDemo" */ = {
			isa = XCConfigurationList;
			buildConfigurations = (
				46EE95601B391A9C00E1D1D3 /* Debug */,
				46EE95611B391A9C00E1D1D3 /* Release */,
			);
			defaultConfigurationIsVisible = 0;
		};
		46EE95621B391A9C00E1D1D3 /* Build configuration list for PBXNativeTarget "RefreshFrameDemoTests" */ = {
			isa = XCConfigurationList;
			buildConfigurations = (
				46EE95631B391A9C00E1D1D3 /* Debug */,
				46EE95641B391A9C00E1D1D3 /* Release */,
			);
			defaultConfigurationIsVisible = 0;
		};
/* End XCConfigurationList section */

/* Begin XCVersionGroup section */
		46EE95431B391A9C00E1D1D3 /* RefreshFrameDemo.xcdatamodeld */ = {
			isa = XCVersionGroup;
			children = (
				46EE95441B391A9C00E1D1D3 /* RefreshFrameDemo.xcdatamodel */,
			);
			currentVersion = 46EE95441B391A9C00E1D1D3 /* RefreshFrameDemo.xcdatamodel */;
			path = RefreshFrameDemo.xcdatamodeld;
			sourceTree = "<group>";
			versionGroupType = wrapper.xcdatamodel;
		};
/* End XCVersionGroup section */
	};
	rootObject = 46EE95311B391A9C00E1D1D3 /* Project object */;
}
