// !$*UTF8*$!
{
	archiveVersion = 1;
	classes = {
	};
	objectVersion = 46;
	objects = {

/* Begin PBXBuildFile section */
		46A8C10B1B16896500094342 /* main.m in Sources */ = {isa = PBXBuildFile; fileRef = 46A8C10A1B16896500094342 /* main.m */; };
		46A8C10E1B16896500094342 /* AppDelegate.m in Sources */ = {isa = PBXBuildFile; fileRef = 46A8C10D1B16896500094342 /* AppDelegate.m */; };
		46A8C1111B16896500094342 /* Car_Brand_DisplayDemo.xcdatamodeld in Sources */ = {isa = PBXBuildFile; fileRef = 46A8C10F1B16896500094342 /* Car_Brand_DisplayDemo.xcdatamodeld */; };
		46A8C1141B16896500094342 /* ViewController.m in Sources */ = {isa = PBXBuildFile; fileRef = 46A8C1131B16896500094342 /* ViewController.m */; };
		46A8C1171B16896500094342 /* Main.storyboard in Resources */ = {isa = PBXBuildFile; fileRef = 46A8C1151B16896500094342 /* Main.storyboard */; };
		46A8C1191B16896500094342 /* Images.xcassets in Resources */ = {isa = PBXBuildFile; fileRef = 46A8C1181B16896500094342 /* Images.xcassets */; };
		46A8C11C1B16896500094342 /* LaunchScreen.xib in Resources */ = {isa = PBXBuildFile; fileRef = 46A8C11A1B16896500094342 /* LaunchScreen.xib */; };
		46A8C1281B16896500094342 /* Car_Brand_DisplayDemoTests.m in Sources */ = {isa = PBXBuildFile; fileRef = 46A8C1271B16896500094342 /* Car_Brand_DisplayDemoTests.m */; };
		46A8C1331B16899500094342 /* Car.m in Sources */ = {isa = PBXBuildFile; fileRef = 46A8C1321B16899500094342 /* Car.m */; };
		46A8C1361B168B2200094342 /* CarGroup.m in Sources */ = {isa = PBXBuildFile; fileRef = 46A8C1351B168B2200094342 /* CarGroup.m */; };
		46A8C1381B168DC700094342 /* cars_total.plist in Resources */ = {isa = PBXBuildFile; fileRef = 46A8C1371B168DC700094342 /* cars_total.plist */; };
		46A8C13C1B16917800094342 /* NSArray+Log.m in Sources */ = {isa = PBXBuildFile; fileRef = 46A8C13B1B16917800094342 /* NSArray+Log.m */; };
/* End PBXBuildFile section */

/* Begin PBXContainerItemProxy section */
		46A8C1221B16896500094342 /* PBXContainerItemProxy */ = {
			isa = PBXContainerItemProxy;
			containerPortal = 46A8C0FD1B16896500094342 /* Project object */;
			proxyType = 1;
			remoteGlobalIDString = 46A8C1041B16896500094342;
			remoteInfo = "Car-Brand DisplayDemo";
		};
/* End PBXContainerItemProxy section */

/* Begin PBXFileReference section */
		46A8C1051B16896500094342 /* Car-Brand DisplayDemo.app */ = {isa = PBXFileReference; explicitFileType = wrapper.application; includeInIndex = 0; path = "Car-Brand DisplayDemo.app"; sourceTree = BUILT_PRODUCTS_DIR; };
		46A8C1091B16896500094342 /* Info.plist */ = {isa = PBXFileReference; lastKnownFileType = text.plist.xml; path = Info.plist; sourceTree = "<group>"; };
		46A8C10A1B16896500094342 /* main.m */ = {isa = PBXFileReference; lastKnownFileType = sourcecode.c.objc; path = main.m; sourceTree = "<group>"; };
		46A8C10C1B16896500094342 /* AppDelegate.h */ = {isa = PBXFileReference; lastKnownFileType = sourcecode.c.h; path = AppDelegate.h; sourceTree = "<group>"; };
		46A8C10D1B16896500094342 /* AppDelegate.m */ = {isa = PBXFileReference; lastKnownFileType = sourcecode.c.objc; path = AppDelegate.m; sourceTree = "<group>"; };
		46A8C1101B16896500094342 /* Car_Brand_DisplayDemo.xcdatamodel */ = {isa = PBXFileReference; lastKnownFileType = wrapper.xcdatamodel; path = Car_Brand_DisplayDemo.xcdatamodel; sourceTree = "<group>"; };
		46A8C1121B16896500094342 /* ViewController.h */ = {isa = PBXFileReference; lastKnownFileType = sourcecode.c.h; path = ViewController.h; sourceTree = "<group>"; };
		46A8C1131B16896500094342 /* ViewController.m */ = {isa = PBXFileReference; lastKnownFileType = sourcecode.c.objc; path = ViewController.m; sourceTree = "<group>"; };
		46A8C1161B16896500094342 /* Base */ = {isa = PBXFileReference; lastKnownFileType = file.storyboard; name = Base; path = Base.lproj/Main.storyboard; sourceTree = "<group>"; };
		46A8C1181B16896500094342 /* Images.xcassets */ = {isa = PBXFileReference; lastKnownFileType = folder.assetcatalog; path = Images.xcassets; sourceTree = "<group>"; };
		46A8C11B1B16896500094342 /* Base */ = {isa = PBXFileReference; lastKnownFileType = file.xib; name = Base; path = Base.lproj/LaunchScreen.xib; sourceTree = "<group>"; };
		46A8C1211B16896500094342 /* Car-Brand DisplayDemoTests.xctest */ = {isa = PBXFileReference; explicitFileType = wrapper.cfbundle; includeInIndex = 0; path = "Car-Brand DisplayDemoTests.xctest"; sourceTree = BUILT_PRODUCTS_DIR; };
		46A8C1261B16896500094342 /* Info.plist */ = {isa = PBXFileReference; lastKnownFileType = text.plist.xml; path = Info.plist; sourceTree = "<group>"; };
		46A8C1271B16896500094342 /* Car_Brand_DisplayDemoTests.m */ = {isa = PBXFileReference; lastKnownFileType = sourcecode.c.objc; path = Car_Brand_DisplayDemoTests.m; sourceTree = "<group>"; };
		46A8C1311B16899500094342 /* Car.h */ = {isa = PBXFileReference; fileEncoding = 4; lastKnownFileType = sourcecode.c.h; path = Car.h; sourceTree = "<group>"; };
		46A8C1321B16899500094342 /* Car.m */ = {isa = PBXFileReference; fileEncoding = 4; lastKnownFileType = sourcecode.c.objc; path = Car.m; sourceTree = "<group>"; };
		46A8C1341B168B2200094342 /* CarGroup.h */ = {isa = PBXFileReference; fileEncoding = 4; lastKnownFileType = sourcecode.c.h; path = CarGroup.h; sourceTree = "<group>"; };
		46A8C1351B168B2200094342 /* CarGroup.m */ = {isa = PBXFileReference; fileEncoding = 4; lastKnownFileType = sourcecode.c.objc; path = CarGroup.m; sourceTree = "<group>"; };
		46A8C1371B168DC700094342 /* cars_total.plist */ = {isa = PBXFileReference; fileEncoding = 4; lastKnownFileType = text.plist.xml; path = cars_total.plist; sourceTree = "<group>"; };
		46A8C13A1B16917800094342 /* NSArray+Log.h */ = {isa = PBXFileReference; fileEncoding = 4; lastKnownFileType = sourcecode.c.h; path = "NSArray+Log.h"; sourceTree = "<group>"; };
		46A8C13B1B16917800094342 /* NSArray+Log.m */ = {isa = PBXFileReference; fileEncoding = 4; lastKnownFileType = sourcecode.c.objc; path = "NSArray+Log.m"; sourceTree = "<group>"; };
/* End PBXFileReference section */

/* Begin PBXFrameworksBuildPhase section */
		46A8C1021B16896500094342 /* Frameworks */ = {
			isa = PBXFrameworksBuildPhase;
			buildActionMask = 2147483647;
			files = (
			);
			runOnlyForDeploymentPostprocessing = 0;
		};
		46A8C11E1B16896500094342 /* Frameworks */ = {
			isa = PBXFrameworksBuildPhase;
			buildActionMask = 2147483647;
			files = (
			);
			runOnlyForDeploymentPostprocessing = 0;
		};
/* End PBXFrameworksBuildPhase section */

/* Begin PBXGroup section */
		46A8C0FC1B16896400094342 = {
			isa = PBXGroup;
			children = (
				46A8C1071B16896500094342 /* Car-Brand DisplayDemo */,
				46A8C1241B16896500094342 /* Car-Brand DisplayDemoTests */,
				46A8C1061B16896500094342 /* Products */,
			);
			sourceTree = "<group>";
		};
		46A8C1061B16896500094342 /* Products */ = {
			isa = PBXGroup;
			children = (
				46A8C1051B16896500094342 /* Car-Brand DisplayDemo.app */,
				46A8C1211B16896500094342 /* Car-Brand DisplayDemoTests.xctest */,
			);
			name = Products;
			sourceTree = "<group>";
		};
		46A8C1071B16896500094342 /* Car-Brand DisplayDemo */ = {
			isa = PBXGroup;
			children = (
				46A8C1391B16917800094342 /* Log */,
				46A8C10C1B16896500094342 /* AppDelegate.h */,
				46A8C10D1B16896500094342 /* AppDelegate.m */,
				46A8C1121B16896500094342 /* ViewController.h */,
				46A8C1131B16896500094342 /* ViewController.m */,
				46A8C1341B168B2200094342 /* CarGroup.h */,
				46A8C1351B168B2200094342 /* CarGroup.m */,
				46A8C1311B16899500094342 /* Car.h */,
				46A8C1321B16899500094342 /* Car.m */,
				46A8C1151B16896500094342 /* Main.storyboard */,
				46A8C1181B16896500094342 /* Images.xcassets */,
				46A8C11A1B16896500094342 /* LaunchScreen.xib */,
				46A8C10F1B16896500094342 /* Car_Brand_DisplayDemo.xcdatamodeld */,
				46A8C1081B16896500094342 /* Supporting Files */,
			);
			path = "Car-Brand DisplayDemo";
			sourceTree = "<group>";
		};
		46A8C1081B16896500094342 /* Supporting Files */ = {
			isa = PBXGroup;
			children = (
				46A8C1371B168DC700094342 /* cars_total.plist */,
				46A8C1091B16896500094342 /* Info.plist */,
				46A8C10A1B16896500094342 /* main.m */,
			);
			name = "Supporting Files";
			sourceTree = "<group>";
		};
		46A8C1241B16896500094342 /* Car-Brand DisplayDemoTests */ = {
			isa = PBXGroup;
			children = (
				46A8C1271B16896500094342 /* Car_Brand_DisplayDemoTests.m */,
				46A8C1251B16896500094342 /* Supporting Files */,
			);
			path = "Car-Brand DisplayDemoTests";
			sourceTree = "<group>";
		};
		46A8C1251B16896500094342 /* Supporting Files */ = {
			isa = PBXGroup;
			children = (
				46A8C1261B16896500094342 /* Info.plist */,
			);
			name = "Supporting Files";
			sourceTree = "<group>";
		};
		46A8C1391B16917800094342 /* Log */ = {
			isa = PBXGroup;
			children = (
				46A8C13A1B16917800094342 /* NSArray+Log.h */,
				46A8C13B1B16917800094342 /* NSArray+Log.m */,
			);
			path = Log;
			sourceTree = "<group>";
		};
/* End PBXGroup section */

/* Begin PBXNativeTarget section */
		46A8C1041B16896500094342 /* Car-Brand DisplayDemo */ = {
			isa = PBXNativeTarget;
			buildConfigurationList = 46A8C12B1B16896500094342 /* Build configuration list for PBXNativeTarget "Car-Brand DisplayDemo" */;
			buildPhases = (
				46A8C1011B16896500094342 /* Sources */,
				46A8C1021B16896500094342 /* Frameworks */,
				46A8C1031B16896500094342 /* Resources */,
			);
			buildRules = (
			);
			dependencies = (
			);
			name = "Car-Brand DisplayDemo";
			productName = "Car-Brand DisplayDemo";
			productReference = 46A8C1051B16896500094342 /* Car-Brand DisplayDemo.app */;
			productType = "com.apple.product-type.application";
		};
		46A8C1201B16896500094342 /* Car-Brand DisplayDemoTests */ = {
			isa = PBXNativeTarget;
			buildConfigurationList = 46A8C12E1B16896500094342 /* Build configuration list for PBXNativeTarget "Car-Brand DisplayDemoTests" */;
			buildPhases = (
				46A8C11D1B16896500094342 /* Sources */,
				46A8C11E1B16896500094342 /* Frameworks */,
				46A8C11F1B16896500094342 /* Resources */,
			);
			buildRules = (
			);
			dependencies = (
				46A8C1231B16896500094342 /* PBXTargetDependency */,
			);
			name = "Car-Brand DisplayDemoTests";
			productName = "Car-Brand DisplayDemoTests";
			productReference = 46A8C1211B16896500094342 /* Car-Brand DisplayDemoTests.xctest */;
			productType = "com.apple.product-type.bundle.unit-test";
		};
/* End PBXNativeTarget section */

/* Begin PBXProject section */
		46A8C0FD1B16896500094342 /* Project object */ = {
			isa = PBXProject;
			attributes = {
				LastUpgradeCheck = 0630;
				ORGANIZATIONNAME = "孙翔宇";
				TargetAttributes = {
					46A8C1041B16896500094342 = {
						CreatedOnToolsVersion = 6.3.1;
					};
					46A8C1201B16896500094342 = {
						CreatedOnToolsVersion = 6.3.1;
						TestTargetID = 46A8C1041B16896500094342;
					};
				};
			};
			buildConfigurationList = 46A8C1001B16896500094342 /* Build configuration list for PBXProject "Car-Brand DisplayDemo" */;
			compatibilityVersion = "Xcode 3.2";
			developmentRegion = English;
			hasScannedForEncodings = 0;
			knownRegions = (
				en,
				Base,
			);
			mainGroup = 46A8C0FC1B16896400094342;
			productRefGroup = 46A8C1061B16896500094342 /* Products */;
			projectDirPath = "";
			projectRoot = "";
			targets = (
				46A8C1041B16896500094342 /* Car-Brand DisplayDemo */,
				46A8C1201B16896500094342 /* Car-Brand DisplayDemoTests */,
			);
		};
/* End PBXProject section */

/* Begin PBXResourcesBuildPhase section */
		46A8C1031B16896500094342 /* Resources */ = {
			isa = PBXResourcesBuildPhase;
			buildActionMask = 2147483647;
			files = (
				46A8C1171B16896500094342 /* Main.storyboard in Resources */,
				46A8C11C1B16896500094342 /* LaunchScreen.xib in Resources */,
				46A8C1381B168DC700094342 /* cars_total.plist in Resources */,
				46A8C1191B16896500094342 /* Images.xcassets in Resources */,
			);
			runOnlyForDeploymentPostprocessing = 0;
		};
		46A8C11F1B16896500094342 /* Resources */ = {
			isa = PBXResourcesBuildPhase;
			buildActionMask = 2147483647;
			files = (
			);
			runOnlyForDeploymentPostprocessing = 0;
		};
/* End PBXResourcesBuildPhase section */

/* Begin PBXSourcesBuildPhase section */
		46A8C1011B16896500094342 /* Sources */ = {
			isa = PBXSourcesBuildPhase;
			buildActionMask = 2147483647;
			files = (
				46A8C1361B168B2200094342 /* CarGroup.m in Sources */,
				46A8C13C1B16917800094342 /* NSArray+Log.m in Sources */,
				46A8C1331B16899500094342 /* Car.m in Sources */,
				46A8C10E1B16896500094342 /* AppDelegate.m in Sources */,
				46A8C10B1B16896500094342 /* main.m in Sources */,
				46A8C1141B16896500094342 /* ViewController.m in Sources */,
				46A8C1111B16896500094342 /* Car_Brand_DisplayDemo.xcdatamodeld in Sources */,
			);
			runOnlyForDeploymentPostprocessing = 0;
		};
		46A8C11D1B16896500094342 /* Sources */ = {
			isa = PBXSourcesBuildPhase;
			buildActionMask = 2147483647;
			files = (
				46A8C1281B16896500094342 /* Car_Brand_DisplayDemoTests.m in Sources */,
			);
			runOnlyForDeploymentPostprocessing = 0;
		};
/* End PBXSourcesBuildPhase section */

/* Begin PBXTargetDependency section */
		46A8C1231B16896500094342 /* PBXTargetDependency */ = {
			isa = PBXTargetDependency;
			target = 46A8C1041B16896500094342 /* Car-Brand DisplayDemo */;
			targetProxy = 46A8C1221B16896500094342 /* PBXContainerItemProxy */;
		};
/* End PBXTargetDependency section */

/* Begin PBXVariantGroup section */
		46A8C1151B16896500094342 /* Main.storyboard */ = {
			isa = PBXVariantGroup;
			children = (
				46A8C1161B16896500094342 /* Base */,
			);
			name = Main.storyboard;
			sourceTree = "<group>";
		};
		46A8C11A1B16896500094342 /* LaunchScreen.xib */ = {
			isa = PBXVariantGroup;
			children = (
				46A8C11B1B16896500094342 /* Base */,
			);
			name = LaunchScreen.xib;
			sourceTree = "<group>";
		};
/* End PBXVariantGroup section */

/* Begin XCBuildConfiguration section */
		46A8C1291B16896500094342 /* Debug */ = {
			isa = XCBuildConfiguration;
			buildSettings = {
				ALWAYS_SEARCH_USER_PATHS = NO;
				CLANG_CXX_LANGUAGE_STANDARD = "gnu++0x";
				CLANG_CXX_LIBRARY = "libc++";
				CLANG_ENABLE_MODULES = YES;
				CLANG_ENABLE_OBJC_ARC = YES;
				CLANG_WARN_BOOL_CONVERSION = YES;
				CLANG_WARN_CONSTANT_CONVERSION = YES;
				CLANG_WARN_DIRECT_OBJC_ISA_USAGE = YES_ERROR;
				CLANG_WARN_EMPTY_BODY = YES;
				CLANG_WARN_ENUM_CONVERSION = YES;
				CLANG_WARN_INT_CONVERSION = YES;
				CLANG_WARN_OBJC_ROOT_CLASS = YES_ERROR;
				CLANG_WARN_UNREACHABLE_CODE = YES;
				CLANG_WARN__DUPLICATE_METHOD_MATCH = YES;
				"CODE_SIGN_IDENTITY[sdk=iphoneos*]" = "iPhone Developer";
				COPY_PHASE_STRIP = NO;
				DEBUG_INFORMATION_FORMAT = "dwarf-with-dsym";
				ENABLE_STRICT_OBJC_MSGSEND = YES;
				GCC_C_LANGUAGE_STANDARD = gnu99;
				GCC_DYNAMIC_NO_PIC = NO;
				GCC_NO_COMMON_BLOCKS = YES;
				GCC_OPTIMIZATION_LEVEL = 0;
				GCC_PREPROCESSOR_DEFINITIONS = (
					"DEBUG=1",
					"$(inherited)",
				);
				GCC_SYMBOLS_PRIVATE_EXTERN = NO;
				GCC_WARN_64_TO_32_BIT_CONVERSION = YES;
				GCC_WARN_ABOUT_RETURN_TYPE = YES_ERROR;
				GCC_WARN_UNDECLARED_SELECTOR = YES;
				GCC_WARN_UNINITIALIZED_AUTOS = YES_AGGRESSIVE;
				GCC_WARN_UNUSED_FUNCTION = YES;
				GCC_WARN_UNUSED_VARIABLE = YES;
				IPHONEOS_DEPLOYMENT_TARGET = 8.3;
				MTL_ENABLE_DEBUG_INFO = YES;
				ONLY_ACTIVE_ARCH = YES;
				SDKROOT = iphoneos;
			};
			name = Debug;
		};
		46A8C12A1B16896500094342 /* Release */ = {
			isa = XCBuildConfiguration;
			buildSettings = {
				ALWAYS_SEARCH_USER_PATHS = NO;
				CLANG_CXX_LANGUAGE_STANDARD = "gnu++0x";
				CLANG_CXX_LIBRARY = "libc++";
				CLANG_ENABLE_MODULES = YES;
				CLANG_ENABLE_OBJC_ARC = YES;
				CLANG_WARN_BOOL_CONVERSION = YES;
				CLANG_WARN_CONSTANT_CONVERSION = YES;
				CLANG_WARN_DIRECT_OBJC_ISA_USAGE = YES_ERROR;
				CLANG_WARN_EMPTY_BODY = YES;
				CLANG_WARN_ENUM_CONVERSION = YES;
				CLANG_WARN_INT_CONVERSION = YES;
				CLANG_WARN_OBJC_ROOT_CLASS = YES_ERROR;
				CLANG_WARN_UNREACHABLE_CODE = YES;
				CLANG_WARN__DUPLICATE_METHOD_MATCH = YES;
				"CODE_SIGN_IDENTITY[sdk=iphoneos*]" = "iPhone Developer";
				COPY_PHASE_STRIP = NO;
				DEBUG_INFORMATION_FORMAT = "dwarf-with-dsym";
				ENABLE_NS_ASSERTIONS = NO;
				ENABLE_STRICT_OBJC_MSGSEND = YES;
				GCC_C_LANGUAGE_STANDARD = gnu99;
				GCC_NO_COMMON_BLOCKS = YES;
				GCC_WARN_64_TO_32_BIT_CONVERSION = YES;
				GCC_WARN_ABOUT_RETURN_TYPE = YES_ERROR;
				GCC_WARN_UNDECLARED_SELECTOR = YES;
				GCC_WARN_UNINITIALIZED_AUTOS = YES_AGGRESSIVE;
				GCC_WARN_UNUSED_FUNCTION = YES;
				GCC_WARN_UNUSED_VARIABLE = YES;
				IPHONEOS_DEPLOYMENT_TARGET = 8.3;
				MTL_ENABLE_DEBUG_INFO = NO;
				SDKROOT = iphoneos;
				VALIDATE_PRODUCT = YES;
			};
			name = Release;
		};
		46A8C12C1B16896500094342 /* Debug */ = {
			isa = XCBuildConfiguration;
			buildSettings = {
				ASSETCATALOG_COMPILER_APPICON_NAME = AppIcon;
				INFOPLIST_FILE = "Car-Brand DisplayDemo/Info.plist";
				LD_RUNPATH_SEARCH_PATHS = "$(inherited) @executable_path/Frameworks";
				PRODUCT_NAME = "$(TARGET_NAME)";
			};
			name = Debug;
		};
		46A8C12D1B16896500094342 /* Release */ = {
			isa = XCBuildConfiguration;
			buildSettings = {
				ASSETCATALOG_COMPILER_APPICON_NAME = AppIcon;
				INFOPLIST_FILE = "Car-Brand DisplayDemo/Info.plist";
				LD_RUNPATH_SEARCH_PATHS = "$(inherited) @executable_path/Frameworks";
				PRODUCT_NAME = "$(TARGET_NAME)";
			};
			name = Release;
		};
		46A8C12F1B16896500094342 /* Debug */ = {
			isa = XCBuildConfiguration;
			buildSettings = {
				BUNDLE_LOADER = "$(TEST_HOST)";
				FRAMEWORK_SEARCH_PATHS = (
					"$(SDKROOT)/Developer/Library/Frameworks",
					"$(inherited)",
				);
				GCC_PREPROCESSOR_DEFINITIONS = (
					"DEBUG=1",
					"$(inherited)",
				);
				INFOPLIST_FILE = "Car-Brand DisplayDemoTests/Info.plist";
				LD_RUNPATH_SEARCH_PATHS = "$(inherited) @executable_path/Frameworks @loader_path/Frameworks";
				PRODUCT_NAME = "$(TARGET_NAME)";
				TEST_HOST = "$(BUILT_PRODUCTS_DIR)/Car-Brand DisplayDemo.app/Car-Brand DisplayDemo";
			};
			name = Debug;
		};
		46A8C1301B16896500094342 /* Release */ = {
			isa = XCBuildConfiguration;
			buildSettings = {
				BUNDLE_LOADER = "$(TEST_HOST)";
				FRAMEWORK_SEARCH_PATHS = (
					"$(SDKROOT)/Developer/Library/Frameworks",
					"$(inherited)",
				);
				INFOPLIST_FILE = "Car-Brand DisplayDemoTests/Info.plist";
				LD_RUNPATH_SEARCH_PATHS = "$(inherited) @executable_path/Frameworks @loader_path/Frameworks";
				PRODUCT_NAME = "$(TARGET_NAME)";
				TEST_HOST = "$(BUILT_PRODUCTS_DIR)/Car-Brand DisplayDemo.app/Car-Brand DisplayDemo";
			};
			name = Release;
		};
/* End XCBuildConfiguration section */

/* Begin XCConfigurationList section */
		46A8C1001B16896500094342 /* Build configuration list for PBXProject "Car-Brand DisplayDemo" */ = {
			isa = XCConfigurationList;
			buildConfigurations = (
				46A8C1291B16896500094342 /* Debug */,
				46A8C12A1B16896500094342 /* Release */,
			);
			defaultConfigurationIsVisible = 0;
			defaultConfigurationName = Release;
		};
		46A8C12B1B16896500094342 /* Build configuration list for PBXNativeTarget "Car-Brand DisplayDemo" */ = {
			isa = XCConfigurationList;
			buildConfigurations = (
				46A8C12C1B16896500094342 /* Debug */,
				46A8C12D1B16896500094342 /* Release */,
			);
			defaultConfigurationIsVisible = 0;
		};
		46A8C12E1B16896500094342 /* Build configuration list for PBXNativeTarget "Car-Brand DisplayDemoTests" */ = {
			isa = XCConfigurationList;
			buildConfigurations = (
				46A8C12F1B16896500094342 /* Debug */,
				46A8C1301B16896500094342 /* Release */,
			);
			defaultConfigurationIsVisible = 0;
		};
/* End XCConfigurationList section */

/* Begin XCVersionGroup section */
		46A8C10F1B16896500094342 /* Car_Brand_DisplayDemo.xcdatamodeld */ = {
			isa = XCVersionGroup;
			children = (
				46A8C1101B16896500094342 /* Car_Brand_DisplayDemo.xcdatamodel */,
			);
			currentVersion = 46A8C1101B16896500094342 /* Car_Brand_DisplayDemo.xcdatamodel */;
			path = Car_Brand_DisplayDemo.xcdatamodeld;
			sourceTree = "<group>";
			versionGroupType = wrapper.xcdatamodel;
		};
/* End XCVersionGroup section */
	};
	rootObject = 46A8C0FD1B16896500094342 /* Project object */;
}
