// !$*UTF8*$!
{
	archiveVersion = 1;
	classes = {
	};
	objectVersion = 46;
	objects = {

/* Begin PBXBuildFile section */
		46EA30971B27A42E0078ADF7 /* main.m in Sources */ = {isa = PBXBuildFile; fileRef = 46EA30961B27A42E0078ADF7 /* main.m */; };
		46EA309A1B27A42E0078ADF7 /* AppDelegate.m in Sources */ = {isa = PBXBuildFile; fileRef = 46EA30991B27A42E0078ADF7 /* AppDelegate.m */; };
		46EA309D1B27A42E0078ADF7 /* PickerViewDemo1.xcdatamodeld in Sources */ = {isa = PBXBuildFile; fileRef = 46EA309B1B27A42E0078ADF7 /* PickerViewDemo1.xcdatamodeld */; };
		46EA30A01B27A42E0078ADF7 /* ViewController.m in Sources */ = {isa = PBXBuildFile; fileRef = 46EA309F1B27A42E0078ADF7 /* ViewController.m */; };
		46EA30A31B27A42E0078ADF7 /* Main.storyboard in Resources */ = {isa = PBXBuildFile; fileRef = 46EA30A11B27A42E0078ADF7 /* Main.storyboard */; };
		46EA30A51B27A42E0078ADF7 /* Images.xcassets in Resources */ = {isa = PBXBuildFile; fileRef = 46EA30A41B27A42E0078ADF7 /* Images.xcassets */; };
		46EA30A81B27A42E0078ADF7 /* LaunchScreen.xib in Resources */ = {isa = PBXBuildFile; fileRef = 46EA30A61B27A42E0078ADF7 /* LaunchScreen.xib */; };
		46EA30B41B27A42E0078ADF7 /* PickerViewDemo1Tests.m in Sources */ = {isa = PBXBuildFile; fileRef = 46EA30B31B27A42E0078ADF7 /* PickerViewDemo1Tests.m */; };
		46EA30BE1B27A4630078ADF7 /* cities.plist in Resources */ = {isa = PBXBuildFile; fileRef = 46EA30BD1B27A4630078ADF7 /* cities.plist */; };
		46EA30C11B27A49B0078ADF7 /* Province.m in Sources */ = {isa = PBXBuildFile; fileRef = 46EA30C01B27A49B0078ADF7 /* Province.m */; };
/* End PBXBuildFile section */

/* Begin PBXContainerItemProxy section */
		46EA30AE1B27A42E0078ADF7 /* PBXContainerItemProxy */ = {
			isa = PBXContainerItemProxy;
			containerPortal = 46EA30891B27A42E0078ADF7 /* Project object */;
			proxyType = 1;
			remoteGlobalIDString = 46EA30901B27A42E0078ADF7;
			remoteInfo = PickerViewDemo1;
		};
/* End PBXContainerItemProxy section */

/* Begin PBXFileReference section */
		46EA30911B27A42E0078ADF7 /* PickerViewDemo1.app */ = {isa = PBXFileReference; explicitFileType = wrapper.application; includeInIndex = 0; path = PickerViewDemo1.app; sourceTree = BUILT_PRODUCTS_DIR; };
		46EA30951B27A42E0078ADF7 /* Info.plist */ = {isa = PBXFileReference; lastKnownFileType = text.plist.xml; path = Info.plist; sourceTree = "<group>"; };
		46EA30961B27A42E0078ADF7 /* main.m */ = {isa = PBXFileReference; lastKnownFileType = sourcecode.c.objc; path = main.m; sourceTree = "<group>"; };
		46EA30981B27A42E0078ADF7 /* AppDelegate.h */ = {isa = PBXFileReference; lastKnownFileType = sourcecode.c.h; path = AppDelegate.h; sourceTree = "<group>"; };
		46EA30991B27A42E0078ADF7 /* AppDelegate.m */ = {isa = PBXFileReference; lastKnownFileType = sourcecode.c.objc; path = AppDelegate.m; sourceTree = "<group>"; };
		46EA309C1B27A42E0078ADF7 /* PickerViewDemo1.xcdatamodel */ = {isa = PBXFileReference; lastKnownFileType = wrapper.xcdatamodel; path = PickerViewDemo1.xcdatamodel; sourceTree = "<group>"; };
		46EA309E1B27A42E0078ADF7 /* ViewController.h */ = {isa = PBXFileReference; lastKnownFileType = sourcecode.c.h; path = ViewController.h; sourceTree = "<group>"; };
		46EA309F1B27A42E0078ADF7 /* ViewController.m */ = {isa = PBXFileReference; lastKnownFileType = sourcecode.c.objc; path = ViewController.m; sourceTree = "<group>"; };
		46EA30A21B27A42E0078ADF7 /* Base */ = {isa = PBXFileReference; lastKnownFileType = file.storyboard; name = Base; path = Base.lproj/Main.storyboard; sourceTree = "<group>"; };
		46EA30A41B27A42E0078ADF7 /* Images.xcassets */ = {isa = PBXFileReference; lastKnownFileType = folder.assetcatalog; path = Images.xcassets; sourceTree = "<group>"; };
		46EA30A71B27A42E0078ADF7 /* Base */ = {isa = PBXFileReference; lastKnownFileType = file.xib; name = Base; path = Base.lproj/LaunchScreen.xib; sourceTree = "<group>"; };
		46EA30AD1B27A42E0078ADF7 /* PickerViewDemo1Tests.xctest */ = {isa = PBXFileReference; explicitFileType = wrapper.cfbundle; includeInIndex = 0; path = PickerViewDemo1Tests.xctest; sourceTree = BUILT_PRODUCTS_DIR; };
		46EA30B21B27A42E0078ADF7 /* Info.plist */ = {isa = PBXFileReference; lastKnownFileType = text.plist.xml; path = Info.plist; sourceTree = "<group>"; };
		46EA30B31B27A42E0078ADF7 /* PickerViewDemo1Tests.m */ = {isa = PBXFileReference; lastKnownFileType = sourcecode.c.objc; path = PickerViewDemo1Tests.m; sourceTree = "<group>"; };
		46EA30BD1B27A4630078ADF7 /* cities.plist */ = {isa = PBXFileReference; fileEncoding = 4; lastKnownFileType = text.plist.xml; path = cities.plist; sourceTree = "<group>"; };
		46EA30BF1B27A49B0078ADF7 /* Province.h */ = {isa = PBXFileReference; fileEncoding = 4; lastKnownFileType = sourcecode.c.h; path = Province.h; sourceTree = "<group>"; };
		46EA30C01B27A49B0078ADF7 /* Province.m */ = {isa = PBXFileReference; fileEncoding = 4; lastKnownFileType = sourcecode.c.objc; path = Province.m; sourceTree = "<group>"; };
/* End PBXFileReference section */

/* Begin PBXFrameworksBuildPhase section */
		46EA308E1B27A42E0078ADF7 /* Frameworks */ = {
			isa = PBXFrameworksBuildPhase;
			buildActionMask = 2147483647;
			files = (
			);
			runOnlyForDeploymentPostprocessing = 0;
		};
		46EA30AA1B27A42E0078ADF7 /* Frameworks */ = {
			isa = PBXFrameworksBuildPhase;
			buildActionMask = 2147483647;
			files = (
			);
			runOnlyForDeploymentPostprocessing = 0;
		};
/* End PBXFrameworksBuildPhase section */

/* Begin PBXGroup section */
		46EA30881B27A42E0078ADF7 = {
			isa = PBXGroup;
			children = (
				46EA30931B27A42E0078ADF7 /* PickerViewDemo1 */,
				46EA30B01B27A42E0078ADF7 /* PickerViewDemo1Tests */,
				46EA30921B27A42E0078ADF7 /* Products */,
			);
			sourceTree = "<group>";
		};
		46EA30921B27A42E0078ADF7 /* Products */ = {
			isa = PBXGroup;
			children = (
				46EA30911B27A42E0078ADF7 /* PickerViewDemo1.app */,
				46EA30AD1B27A42E0078ADF7 /* PickerViewDemo1Tests.xctest */,
			);
			name = Products;
			sourceTree = "<group>";
		};
		46EA30931B27A42E0078ADF7 /* PickerViewDemo1 */ = {
			isa = PBXGroup;
			children = (
				46EA30981B27A42E0078ADF7 /* AppDelegate.h */,
				46EA30991B27A42E0078ADF7 /* AppDelegate.m */,
				46EA309E1B27A42E0078ADF7 /* ViewController.h */,
				46EA309F1B27A42E0078ADF7 /* ViewController.m */,
				46EA30BF1B27A49B0078ADF7 /* Province.h */,
				46EA30C01B27A49B0078ADF7 /* Province.m */,
				46EA30A11B27A42E0078ADF7 /* Main.storyboard */,
				46EA30A41B27A42E0078ADF7 /* Images.xcassets */,
				46EA30A61B27A42E0078ADF7 /* LaunchScreen.xib */,
				46EA309B1B27A42E0078ADF7 /* PickerViewDemo1.xcdatamodeld */,
				46EA30941B27A42E0078ADF7 /* Supporting Files */,
			);
			path = PickerViewDemo1;
			sourceTree = "<group>";
		};
		46EA30941B27A42E0078ADF7 /* Supporting Files */ = {
			isa = PBXGroup;
			children = (
				46EA30BD1B27A4630078ADF7 /* cities.plist */,
				46EA30951B27A42E0078ADF7 /* Info.plist */,
				46EA30961B27A42E0078ADF7 /* main.m */,
			);
			name = "Supporting Files";
			sourceTree = "<group>";
		};
		46EA30B01B27A42E0078ADF7 /* PickerViewDemo1Tests */ = {
			isa = PBXGroup;
			children = (
				46EA30B31B27A42E0078ADF7 /* PickerViewDemo1Tests.m */,
				46EA30B11B27A42E0078ADF7 /* Supporting Files */,
			);
			path = PickerViewDemo1Tests;
			sourceTree = "<group>";
		};
		46EA30B11B27A42E0078ADF7 /* Supporting Files */ = {
			isa = PBXGroup;
			children = (
				46EA30B21B27A42E0078ADF7 /* Info.plist */,
			);
			name = "Supporting Files";
			sourceTree = "<group>";
		};
/* End PBXGroup section */

/* Begin PBXNativeTarget section */
		46EA30901B27A42E0078ADF7 /* PickerViewDemo1 */ = {
			isa = PBXNativeTarget;
			buildConfigurationList = 46EA30B71B27A42E0078ADF7 /* Build configuration list for PBXNativeTarget "PickerViewDemo1" */;
			buildPhases = (
				46EA308D1B27A42E0078ADF7 /* Sources */,
				46EA308E1B27A42E0078ADF7 /* Frameworks */,
				46EA308F1B27A42E0078ADF7 /* Resources */,
			);
			buildRules = (
			);
			dependencies = (
			);
			name = PickerViewDemo1;
			productName = PickerViewDemo1;
			productReference = 46EA30911B27A42E0078ADF7 /* PickerViewDemo1.app */;
			productType = "com.apple.product-type.application";
		};
		46EA30AC1B27A42E0078ADF7 /* PickerViewDemo1Tests */ = {
			isa = PBXNativeTarget;
			buildConfigurationList = 46EA30BA1B27A42E0078ADF7 /* Build configuration list for PBXNativeTarget "PickerViewDemo1Tests" */;
			buildPhases = (
				46EA30A91B27A42E0078ADF7 /* Sources */,
				46EA30AA1B27A42E0078ADF7 /* Frameworks */,
				46EA30AB1B27A42E0078ADF7 /* Resources */,
			);
			buildRules = (
			);
			dependencies = (
				46EA30AF1B27A42E0078ADF7 /* PBXTargetDependency */,
			);
			name = PickerViewDemo1Tests;
			productName = PickerViewDemo1Tests;
			productReference = 46EA30AD1B27A42E0078ADF7 /* PickerViewDemo1Tests.xctest */;
			productType = "com.apple.product-type.bundle.unit-test";
		};
/* End PBXNativeTarget section */

/* Begin PBXProject section */
		46EA30891B27A42E0078ADF7 /* Project object */ = {
			isa = PBXProject;
			attributes = {
				LastUpgradeCheck = 0630;
				ORGANIZATIONNAME = "孙翔宇";
				TargetAttributes = {
					46EA30901B27A42E0078ADF7 = {
						CreatedOnToolsVersion = 6.3.1;
					};
					46EA30AC1B27A42E0078ADF7 = {
						CreatedOnToolsVersion = 6.3.1;
						TestTargetID = 46EA30901B27A42E0078ADF7;
					};
				};
			};
			buildConfigurationList = 46EA308C1B27A42E0078ADF7 /* Build configuration list for PBXProject "PickerViewDemo1" */;
			compatibilityVersion = "Xcode 3.2";
			developmentRegion = English;
			hasScannedForEncodings = 0;
			knownRegions = (
				en,
				Base,
			);
			mainGroup = 46EA30881B27A42E0078ADF7;
			productRefGroup = 46EA30921B27A42E0078ADF7 /* Products */;
			projectDirPath = "";
			projectRoot = "";
			targets = (
				46EA30901B27A42E0078ADF7 /* PickerViewDemo1 */,
				46EA30AC1B27A42E0078ADF7 /* PickerViewDemo1Tests */,
			);
		};
/* End PBXProject section */

/* Begin PBXResourcesBuildPhase section */
		46EA308F1B27A42E0078ADF7 /* Resources */ = {
			isa = PBXResourcesBuildPhase;
			buildActionMask = 2147483647;
			files = (
				46EA30A31B27A42E0078ADF7 /* Main.storyboard in Resources */,
				46EA30A81B27A42E0078ADF7 /* LaunchScreen.xib in Resources */,
				46EA30A51B27A42E0078ADF7 /* Images.xcassets in Resources */,
				46EA30BE1B27A4630078ADF7 /* cities.plist in Resources */,
			);
			runOnlyForDeploymentPostprocessing = 0;
		};
		46EA30AB1B27A42E0078ADF7 /* Resources */ = {
			isa = PBXResourcesBuildPhase;
			buildActionMask = 2147483647;
			files = (
			);
			runOnlyForDeploymentPostprocessing = 0;
		};
/* End PBXResourcesBuildPhase section */

/* Begin PBXSourcesBuildPhase section */
		46EA308D1B27A42E0078ADF7 /* Sources */ = {
			isa = PBXSourcesBuildPhase;
			buildActionMask = 2147483647;
			files = (
				46EA30C11B27A49B0078ADF7 /* Province.m in Sources */,
				46EA309A1B27A42E0078ADF7 /* AppDelegate.m in Sources */,
				46EA309D1B27A42E0078ADF7 /* PickerViewDemo1.xcdatamodeld in Sources */,
				46EA30A01B27A42E0078ADF7 /* ViewController.m in Sources */,
				46EA30971B27A42E0078ADF7 /* main.m in Sources */,
			);
			runOnlyForDeploymentPostprocessing = 0;
		};
		46EA30A91B27A42E0078ADF7 /* Sources */ = {
			isa = PBXSourcesBuildPhase;
			buildActionMask = 2147483647;
			files = (
				46EA30B41B27A42E0078ADF7 /* PickerViewDemo1Tests.m in Sources */,
			);
			runOnlyForDeploymentPostprocessing = 0;
		};
/* End PBXSourcesBuildPhase section */

/* Begin PBXTargetDependency section */
		46EA30AF1B27A42E0078ADF7 /* PBXTargetDependency */ = {
			isa = PBXTargetDependency;
			target = 46EA30901B27A42E0078ADF7 /* PickerViewDemo1 */;
			targetProxy = 46EA30AE1B27A42E0078ADF7 /* PBXContainerItemProxy */;
		};
/* End PBXTargetDependency section */

/* Begin PBXVariantGroup section */
		46EA30A11B27A42E0078ADF7 /* Main.storyboard */ = {
			isa = PBXVariantGroup;
			children = (
				46EA30A21B27A42E0078ADF7 /* Base */,
			);
			name = Main.storyboard;
			sourceTree = "<group>";
		};
		46EA30A61B27A42E0078ADF7 /* LaunchScreen.xib */ = {
			isa = PBXVariantGroup;
			children = (
				46EA30A71B27A42E0078ADF7 /* Base */,
			);
			name = LaunchScreen.xib;
			sourceTree = "<group>";
		};
/* End PBXVariantGroup section */

/* Begin XCBuildConfiguration section */
		46EA30B51B27A42E0078ADF7 /* Debug */ = {
			isa = XCBuildConfiguration;
			buildSettings = {
				ALWAYS_SEARCH_USER_PATHS = NO;
				CLANG_CXX_LANGUAGE_STANDARD = "gnu++0x";
				CLANG_CXX_LIBRARY = "libc++";
				CLANG_ENABLE_MODULES = YES;
				CLANG_ENABLE_OBJC_ARC = YES;
				CLANG_WARN_BOOL_CONVERSION = YES;
				CLANG_WARN_CONSTANT_CONVERSION = YES;
				CLANG_WARN_DIRECT_OBJC_ISA_USAGE = YES_ERROR;
				CLANG_WARN_EMPTY_BODY = YES;
				CLANG_WARN_ENUM_CONVERSION = YES;
				CLANG_WARN_INT_CONVERSION = YES;
				CLANG_WARN_OBJC_ROOT_CLASS = YES_ERROR;
				CLANG_WARN_UNREACHABLE_CODE = YES;
				CLANG_WARN__DUPLICATE_METHOD_MATCH = YES;
				"CODE_SIGN_IDENTITY[sdk=iphoneos*]" = "iPhone Developer";
				COPY_PHASE_STRIP = NO;
				DEBUG_INFORMATION_FORMAT = "dwarf-with-dsym";
				ENABLE_STRICT_OBJC_MSGSEND = YES;
				GCC_C_LANGUAGE_STANDARD = gnu99;
				GCC_DYNAMIC_NO_PIC = NO;
				GCC_NO_COMMON_BLOCKS = YES;
				GCC_OPTIMIZATION_LEVEL = 0;
				GCC_PREPROCESSOR_DEFINITIONS = (
					"DEBUG=1",
					"$(inherited)",
				);
				GCC_SYMBOLS_PRIVATE_EXTERN = NO;
				GCC_WARN_64_TO_32_BIT_CONVERSION = YES;
				GCC_WARN_ABOUT_RETURN_TYPE = YES_ERROR;
				GCC_WARN_UNDECLARED_SELECTOR = YES;
				GCC_WARN_UNINITIALIZED_AUTOS = YES_AGGRESSIVE;
				GCC_WARN_UNUSED_FUNCTION = YES;
				GCC_WARN_UNUSED_VARIABLE = YES;
				IPHONEOS_DEPLOYMENT_TARGET = 8.3;
				MTL_ENABLE_DEBUG_INFO = YES;
				ONLY_ACTIVE_ARCH = YES;
				SDKROOT = iphoneos;
			};
			name = Debug;
		};
		46EA30B61B27A42E0078ADF7 /* Release */ = {
			isa = XCBuildConfiguration;
			buildSettings = {
				ALWAYS_SEARCH_USER_PATHS = NO;
				CLANG_CXX_LANGUAGE_STANDARD = "gnu++0x";
				CLANG_CXX_LIBRARY = "libc++";
				CLANG_ENABLE_MODULES = YES;
				CLANG_ENABLE_OBJC_ARC = YES;
				CLANG_WARN_BOOL_CONVERSION = YES;
				CLANG_WARN_CONSTANT_CONVERSION = YES;
				CLANG_WARN_DIRECT_OBJC_ISA_USAGE = YES_ERROR;
				CLANG_WARN_EMPTY_BODY = YES;
				CLANG_WARN_ENUM_CONVERSION = YES;
				CLANG_WARN_INT_CONVERSION = YES;
				CLANG_WARN_OBJC_ROOT_CLASS = YES_ERROR;
				CLANG_WARN_UNREACHABLE_CODE = YES;
				CLANG_WARN__DUPLICATE_METHOD_MATCH = YES;
				"CODE_SIGN_IDENTITY[sdk=iphoneos*]" = "iPhone Developer";
				COPY_PHASE_STRIP = NO;
				DEBUG_INFORMATION_FORMAT = "dwarf-with-dsym";
				ENABLE_NS_ASSERTIONS = NO;
				ENABLE_STRICT_OBJC_MSGSEND = YES;
				GCC_C_LANGUAGE_STANDARD = gnu99;
				GCC_NO_COMMON_BLOCKS = YES;
				GCC_WARN_64_TO_32_BIT_CONVERSION = YES;
				GCC_WARN_ABOUT_RETURN_TYPE = YES_ERROR;
				GCC_WARN_UNDECLARED_SELECTOR = YES;
				GCC_WARN_UNINITIALIZED_AUTOS = YES_AGGRESSIVE;
				GCC_WARN_UNUSED_FUNCTION = YES;
				GCC_WARN_UNUSED_VARIABLE = YES;
				IPHONEOS_DEPLOYMENT_TARGET = 8.3;
				MTL_ENABLE_DEBUG_INFO = NO;
				SDKROOT = iphoneos;
				VALIDATE_PRODUCT = YES;
			};
			name = Release;
		};
		46EA30B81B27A42E0078ADF7 /* Debug */ = {
			isa = XCBuildConfiguration;
			buildSettings = {
				ASSETCATALOG_COMPILER_APPICON_NAME = AppIcon;
				INFOPLIST_FILE = PickerViewDemo1/Info.plist;
				LD_RUNPATH_SEARCH_PATHS = "$(inherited) @executable_path/Frameworks";
				PRODUCT_NAME = "$(TARGET_NAME)";
			};
			name = Debug;
		};
		46EA30B91B27A42E0078ADF7 /* Release */ = {
			isa = XCBuildConfiguration;
			buildSettings = {
				ASSETCATALOG_COMPILER_APPICON_NAME = AppIcon;
				INFOPLIST_FILE = PickerViewDemo1/Info.plist;
				LD_RUNPATH_SEARCH_PATHS = "$(inherited) @executable_path/Frameworks";
				PRODUCT_NAME = "$(TARGET_NAME)";
			};
			name = Release;
		};
		46EA30BB1B27A42E0078ADF7 /* Debug */ = {
			isa = XCBuildConfiguration;
			buildSettings = {
				BUNDLE_LOADER = "$(TEST_HOST)";
				FRAMEWORK_SEARCH_PATHS = (
					"$(SDKROOT)/Developer/Library/Frameworks",
					"$(inherited)",
				);
				GCC_PREPROCESSOR_DEFINITIONS = (
					"DEBUG=1",
					"$(inherited)",
				);
				INFOPLIST_FILE = PickerViewDemo1Tests/Info.plist;
				LD_RUNPATH_SEARCH_PATHS = "$(inherited) @executable_path/Frameworks @loader_path/Frameworks";
				PRODUCT_NAME = "$(TARGET_NAME)";
				TEST_HOST = "$(BUILT_PRODUCTS_DIR)/PickerViewDemo1.app/PickerViewDemo1";
			};
			name = Debug;
		};
		46EA30BC1B27A42E0078ADF7 /* Release */ = {
			isa = XCBuildConfiguration;
			buildSettings = {
				BUNDLE_LOADER = "$(TEST_HOST)";
				FRAMEWORK_SEARCH_PATHS = (
					"$(SDKROOT)/Developer/Library/Frameworks",
					"$(inherited)",
				);
				INFOPLIST_FILE = PickerViewDemo1Tests/Info.plist;
				LD_RUNPATH_SEARCH_PATHS = "$(inherited) @executable_path/Frameworks @loader_path/Frameworks";
				PRODUCT_NAME = "$(TARGET_NAME)";
				TEST_HOST = "$(BUILT_PRODUCTS_DIR)/PickerViewDemo1.app/PickerViewDemo1";
			};
			name = Release;
		};
/* End XCBuildConfiguration section */

/* Begin XCConfigurationList section */
		46EA308C1B27A42E0078ADF7 /* Build configuration list for PBXProject "PickerViewDemo1" */ = {
			isa = XCConfigurationList;
			buildConfigurations = (
				46EA30B51B27A42E0078ADF7 /* Debug */,
				46EA30B61B27A42E0078ADF7 /* Release */,
			);
			defaultConfigurationIsVisible = 0;
			defaultConfigurationName = Release;
		};
		46EA30B71B27A42E0078ADF7 /* Build configuration list for PBXNativeTarget "PickerViewDemo1" */ = {
			isa = XCConfigurationList;
			buildConfigurations = (
				46EA30B81B27A42E0078ADF7 /* Debug */,
				46EA30B91B27A42E0078ADF7 /* Release */,
			);
			defaultConfigurationIsVisible = 0;
		};
		46EA30BA1B27A42E0078ADF7 /* Build configuration list for PBXNativeTarget "PickerViewDemo1Tests" */ = {
			isa = XCConfigurationList;
			buildConfigurations = (
				46EA30BB1B27A42E0078ADF7 /* Debug */,
				46EA30BC1B27A42E0078ADF7 /* Release */,
			);
			defaultConfigurationIsVisible = 0;
		};
/* End XCConfigurationList section */

/* Begin XCVersionGroup section */
		46EA309B1B27A42E0078ADF7 /* PickerViewDemo1.xcdatamodeld */ = {
			isa = XCVersionGroup;
			children = (
				46EA309C1B27A42E0078ADF7 /* PickerViewDemo1.xcdatamodel */,
			);
			currentVersion = 46EA309C1B27A42E0078ADF7 /* PickerViewDemo1.xcdatamodel */;
			path = PickerViewDemo1.xcdatamodeld;
			sourceTree = "<group>";
			versionGroupType = wrapper.xcdatamodel;
		};
/* End XCVersionGroup section */
	};
	rootObject = 46EA30891B27A42E0078ADF7 /* Project object */;
}
